# This file is automatically @generated by Cargo.
# It is not intended for manual editing.
version = 3

[[package]]
name = "convert_case"
version = "0.3.2"
source = "registry+https://github.com/rust-lang/crates.io-index"
checksum = "6e1f025f441cdfb75831bec89b9d6a6ed02e5e763f78fc5e1ff30d4870fefaec"

[[package]]
name = "interfaces"
version = "0.1.0"
dependencies = [
 "convert_case",
]
